
Microsoft Visual Studio Solution File, Format Version 12.00
# Visual Studio 15
VisualStudioVersion = 15.0.27428.2015
MinimumVisualStudioVersion = 10.0.40219.1
Project("{8BC9CEB8-8B4A-11D0-8D11-00A0C91BC942}") = "sobel_filter", "sobel_filter\sobel_filter.vcxproj", "{599C835E-FAF4-4610-9F64-6AB7A3C6AF3C}"
EndProject
Global
	GlobalSection(SolutionConfigurationPlatforms) = preSolution
		Debug|x64 = Debug|x64
		Debug|x86 = Debug|x86
		Release|x64 = Release|x64
		Release|x86 = Release|x86
	EndGlobalSection
	GlobalSection(ProjectConfigurationPlatforms) = postSolution
		{599C835E-FAF4-4610-9F64-6AB7A3C6AF3C}.Debug|x64.ActiveCfg = Debug|x64
		{599C835E-FAF4-4610-9F64-6AB7A3C6AF3C}.Debug|x64.Build.0 = Debug|x64
		{599C835E-FAF4-4610-9F64-6AB7A3C6AF3C}.Debug|x86.ActiveCfg = Debug|Win32
		{599C835E-FAF4-4610-9F64-6AB7A3C6AF3C}.Debug|x86.Build.0 = Debug|Win32
		{599C835E-FAF4-4610-9F64-6AB7A3C6AF3C}.Release|x64.ActiveCfg = Release|x64
		{599C835E-FAF4-4610-9F64-6AB7A3C6AF3C}.Release|x64.Build.0 = Release|x64
		{599C835E-FAF4-4610-9F64-6AB7A3C6AF3C}.Release|x86.ActiveCfg = Release|Win32
		{599C835E-FAF4-4610-9F64-6AB7A3C6AF3C}.Release|x86.Build.0 = Release|Win32
	EndGlobalSection
	GlobalSection(SolutionProperties) = preSolution
		HideSolutionNode = FALSE
	EndGlobalSection
	GlobalSection(ExtensibilityGlobals) = postSolution
		SolutionGuid = {259EFB43-123D-4776-A152-6C426F8726F4}
	EndGlobalSection
EndGlobal
